// !$*UTF8*$!
{
	archiveVersion = 1;
	classes = {
	};
	objectVersion = 46;
	objects = {

/* Begin PBXFileReference section */
		6742897D152AD9B00051F8CA /* libMVector.a */ = {isa = PBXFileReference; explicitFileType = archive.ar; includeInIndex = 0; path = libMVector.a; sourceTree = BUILT_PRODUCTS_DIR; };
/* End PBXFileReference section */

/* Begin PBXFrameworksBuildPhase section */
		6742897A152AD9B00051F8CA /* Frameworks */ = {
			isa = PBXFrameworksBuildPhase;
			buildActionMask = 2147483647;
			files = (
			);
			runOnlyForDeploymentPostprocessing = 0;
		};
/* End PBXFrameworksBuildPhase section */

/* Begin PBXGroup section */
		67428972152AD9B00051F8CA = {
			isa = PBXGroup;
			children = (
				6742897E152AD9B00051F8CA /* Products */,
			);
			sourceTree = "<group>";
		};
		6742897E152AD9B00051F8CA /* Products */ = {
			isa = PBXGroup;
			children = (
				6742897D152AD9B00051F8CA /* libMVector.a */,
			);
			name = Products;
			sourceTree = "<group>";
		};
/* End PBXGroup section */

/* Begin PBXHeadersBuildPhase section */
		6742897B152AD9B00051F8CA /* Headers */ = {
			isa = PBXHeadersBuildPhase;
			buildActionMask = 2147483647;
			files = (
			);
			runOnlyForDeploymentPostprocessing = 0;
		};
/* End PBXHeadersBuildPhase section */

/* Begin PBXNativeTarget section */
		6742897C152AD9B00051F8CA /* MVector */ = {
			isa = PBXNativeTarget;
			buildConfigurationList = 67428981152AD9B00051F8CA /* Build configuration list for PBXNativeTarget "MVector" */;
			buildPhases = (
				67428979152AD9B00051F8CA /* Sources */,
				6742897A152AD9B00051F8CA /* Frameworks */,
				6742897B152AD9B00051F8CA /* Headers */,
			);
			buildRules = (
			);
			dependencies = (
			);
			name = MVector;
			productName = MVector;
			productReference = 6742897D152AD9B00051F8CA /* libMVector.a */;
			productType = "com.apple.product-type.library.static";
		};
/* End PBXNativeTarget section */

/* Begin PBXProject section */
		67428974152AD9B00051F8CA /* Project object */ = {
			isa = PBXProject;
			attributes = {
				LastUpgradeCheck = 0420;
			};
			buildConfigurationList = 67428977152AD9B00051F8CA /* Build configuration list for PBXProject "MVector" */;
			compatibilityVersion = "Xcode 3.2";
			developmentRegion = English;
			hasScannedForEncodings = 0;
			knownRegions = (
				en,
			);
			mainGroup = 67428972152AD9B00051F8CA;
			productRefGroup = 6742897E152AD9B00051F8CA /* Products */;
			projectDirPath = "";
			projectRoot = "";
			targets = (
				6742897C152AD9B00051F8CA /* MVector */,
			);
		};
/* End PBXProject section */

/* Begin PBXSourcesBuildPhase section */
		67428979152AD9B00051F8CA /* Sources */ = {
			isa = PBXSourcesBuildPhase;
			buildActionMask = 2147483647;
			files = (
			);
			runOnlyForDeploymentPostprocessing = 0;
		};
/* End PBXSourcesBuildPhase section */

/* Begin XCBuildConfiguration section */
		6742897F152AD9B00051F8CA /* Debug */ = {
			isa = XCBuildConfiguration;
			buildSettings = {
				ALWAYS_SEARCH_USER_PATHS = NO;
				ARCHS = "$(ARCHS_STANDARD_64_BIT)";
				CLANG_ENABLE_OBJC_ARC = YES;
				COPY_PHASE_STRIP = NO;
				GCC_C_LANGUAGE_STANDARD = gnu99;
				GCC_DYNAMIC_NO_PIC = NO;
				GCC_ENABLE_OBJC_EXCEPTIONS = YES;
				GCC_OPTIMIZATION_LEVEL = 0;
				GCC_PREPROCESSOR_DEFINITIONS = (
					"DEBUG=1",
					"$(inherited)",
				);
				GCC_SYMBOLS_PRIVATE_EXTERN = NO;
				GCC_VERSION = com.apple.compilers.llvm.clang.1_0;
				GCC_WARN_64_TO_32_BIT_CONVERSION = YES;
				GCC_WARN_ABOUT_MISSING_PROTOTYPES = YES;
				GCC_WARN_ABOUT_RETURN_TYPE = YES;
				GCC_WARN_UNUSED_VARIABLE = YES;
				MACOSX_DEPLOYMENT_TARGET = 10.7;
				ONLY_ACTIVE_ARCH = YES;
				SDKROOT = macosx;
			};
			name = Debug;
		};
		67428980152AD9B00051F8CA /* Release */ = {
			isa = XCBuildConfiguration;
			buildSettings = {
				ALWAYS_SEARCH_USER_PATHS = NO;
				ARCHS = "$(ARCHS_STANDARD_64_BIT)";
				CLANG_ENABLE_OBJC_ARC = YES;
				COPY_PHASE_STRIP = YES;
				DEBUG_INFORMATION_FORMAT = "dwarf-with-dsym";
				GCC_C_LANGUAGE_STANDARD = gnu99;
				GCC_ENABLE_OBJC_EXCEPTIONS = YES;
				GCC_VERSION = com.apple.compilers.llvm.clang.1_0;
				GCC_WARN_64_TO_32_BIT_CONVERSION = YES;
				GCC_WARN_ABOUT_MISSING_PROTOTYPES = YES;
				GCC_WARN_ABOUT_RETURN_TYPE = YES;
				GCC_WARN_UNUSED_VARIABLE = YES;
				MACOSX_DEPLOYMENT_TARGET = 10.7;
				SDKROOT = macosx;
			};
			name = Release;
		};
		67428982152AD9B00051F8CA /* Debug */ = {
			isa = XCBuildConfiguration;
			buildSettings = {
				EXECUTABLE_PREFIX = lib;
				PRODUCT_NAME = "$(TARGET_NAME)";
			};
			name = Debug;
		};
		67428983152AD9B00051F8CA /* Release */ = {
			isa = XCBuildConfiguration;
			buildSettings = {
				EXECUTABLE_PREFIX = lib;
				PRODUCT_NAME = "$(TARGET_NAME)";
			};
			name = Release;
		};
/* End XCBuildConfiguration section */

/* Begin XCConfigurationList section */
		67428977152AD9B00051F8CA /* Build configuration list for PBXProject "MVector" */ = {
			isa = XCConfigurationList;
			buildConfigurations = (
				6742897F152AD9B00051F8CA /* Debug */,
				67428980152AD9B00051F8CA /* Release */,
			);
			defaultConfigurationIsVisible = 0;
			defaultConfigurationName = Release;
		};
		67428981152AD9B00051F8CA /* Build configuration list for PBXNativeTarget "MVector" */ = {
			isa = XCConfigurationList;
			buildConfigurations = (
				67428982152AD9B00051F8CA /* Debug */,
				67428983152AD9B00051F8CA /* Release */,
			);
			defaultConfigurationIsVisible = 0;
		};
/* End XCConfigurationList section */
	};
	rootObject = 67428974152AD9B00051F8CA /* Project object */;
}
